
Microsoft Visual Studio Solution File, Format Version 12.00
# Visual Studio 15
VisualStudioVersion = 15.0.26823.1
MinimumVisualStudioVersion = 10.0.40219.1
Project("{9A19103F-16F7-4668-BE54-9A1E7A4F7556}") = "DanubiusInfo.B4USApi.Api", "DanubiusInfo.B4USApi.Api\DanubiusInfo.B4USApi.Api.csproj", "{2809F6EE-6831-409A-8F85-F7371BA50FBA}"
EndProject
Project("{FAE04EC0-301F-11D3-BF4B-00C04F79EFBC}") = "DanubiusInfo.B4USApi.Data", "DanubiusInfo.B4USApi.Data\DanubiusInfo.B4USApi.Data.csproj", "{FAAFED71-97FC-47BD-8A43-D822CF7093CC}"
EndProject
Project("{FAE04EC0-301F-11D3-BF4B-00C04F79EFBC}") = "DanubiusInfo.B4USApi.Providers", "DanubiusInfo.B4USApi.Providers\DanubiusInfo.B4USApi.Providers.csproj", "{C3E799E0-F943-44B9-8AC7-16D01244B068}"
EndProject
Project("{FAE04EC0-301F-11D3-BF4B-00C04F79EFBC}") = "DanubiusInfo.B4USApi.UOW", "DanubiusInfo.B4USApi.UOW\DanubiusInfo.B4USApi.UOW.csproj", "{6DF0317D-BB94-49E8-B4E9-5DF5C6BCD544}"
EndProject
Project("{FAE04EC0-301F-11D3-BF4B-00C04F79EFBC}") = "DanubiusInfo.B4USApi.Services", "DanubiusInfo.B4USApi.Services\DanubiusInfo.B4USApi.Services.csproj", "{EB55AC9E-007B-4D14-988B-67C8F9A51D0B}"
EndProject
Project("{FAE04EC0-301F-11D3-BF4B-00C04F79EFBC}") = "DanubiusInfo.B4USApi.DTO", "DanubiusInfo.B4USApi.DTO\DanubiusInfo.B4USApi.DTO.csproj", "{C3BBF673-AF52-4CB9-A984-0B7F1F7379BB}"
EndProject
Global
	GlobalSection(SolutionConfigurationPlatforms) = preSolution
		Debug|Any CPU = Debug|Any CPU
		Release|Any CPU = Release|Any CPU
	EndGlobalSection
	GlobalSection(ProjectConfigurationPlatforms) = postSolution
		{2809F6EE-6831-409A-8F85-F7371BA50FBA}.Debug|Any CPU.ActiveCfg = Debug|Any CPU
		{2809F6EE-6831-409A-8F85-F7371BA50FBA}.Debug|Any CPU.Build.0 = Debug|Any CPU
		{2809F6EE-6831-409A-8F85-F7371BA50FBA}.Release|Any CPU.ActiveCfg = Release|Any CPU
		{2809F6EE-6831-409A-8F85-F7371BA50FBA}.Release|Any CPU.Build.0 = Release|Any CPU
		{FAAFED71-97FC-47BD-8A43-D822CF7093CC}.Debug|Any CPU.ActiveCfg = Debug|Any CPU
		{FAAFED71-97FC-47BD-8A43-D822CF7093CC}.Debug|Any CPU.Build.0 = Debug|Any CPU
		{FAAFED71-97FC-47BD-8A43-D822CF7093CC}.Release|Any CPU.ActiveCfg = Release|Any CPU
		{FAAFED71-97FC-47BD-8A43-D822CF7093CC}.Release|Any CPU.Build.0 = Release|Any CPU
		{C3E799E0-F943-44B9-8AC7-16D01244B068}.Debug|Any CPU.ActiveCfg = Debug|Any CPU
		{C3E799E0-F943-44B9-8AC7-16D01244B068}.Debug|Any CPU.Build.0 = Debug|Any CPU
		{C3E799E0-F943-44B9-8AC7-16D01244B068}.Release|Any CPU.ActiveCfg = Release|Any CPU
		{C3E799E0-F943-44B9-8AC7-16D01244B068}.Release|Any CPU.Build.0 = Release|Any CPU
		{6DF0317D-BB94-49E8-B4E9-5DF5C6BCD544}.Debug|Any CPU.ActiveCfg = Debug|Any CPU
		{6DF0317D-BB94-49E8-B4E9-5DF5C6BCD544}.Debug|Any CPU.Build.0 = Debug|Any CPU
		{6DF0317D-BB94-49E8-B4E9-5DF5C6BCD544}.Release|Any CPU.ActiveCfg = Release|Any CPU
		{6DF0317D-BB94-49E8-B4E9-5DF5C6BCD544}.Release|Any CPU.Build.0 = Release|Any CPU
		{EB55AC9E-007B-4D14-988B-67C8F9A51D0B}.Debug|Any CPU.ActiveCfg = Debug|Any CPU
		{EB55AC9E-007B-4D14-988B-67C8F9A51D0B}.Debug|Any CPU.Build.0 = Debug|Any CPU
		{EB55AC9E-007B-4D14-988B-67C8F9A51D0B}.Release|Any CPU.ActiveCfg = Release|Any CPU
		{EB55AC9E-007B-4D14-988B-67C8F9A51D0B}.Release|Any CPU.Build.0 = Release|Any CPU
		{C3BBF673-AF52-4CB9-A984-0B7F1F7379BB}.Debug|Any CPU.ActiveCfg = Debug|Any CPU
		{C3BBF673-AF52-4CB9-A984-0B7F1F7379BB}.Debug|Any CPU.Build.0 = Debug|Any CPU
		{C3BBF673-AF52-4CB9-A984-0B7F1F7379BB}.Release|Any CPU.ActiveCfg = Release|Any CPU
		{C3BBF673-AF52-4CB9-A984-0B7F1F7379BB}.Release|Any CPU.Build.0 = Release|Any CPU
	EndGlobalSection
	GlobalSection(SolutionProperties) = preSolution
		HideSolutionNode = FALSE
	EndGlobalSection
	GlobalSection(ExtensibilityGlobals) = postSolution
		SolutionGuid = {5B4F5594-EB21-4CF8-9431-934080A7E082}
	EndGlobalSection
EndGlobal
